
Microsoft Visual Studio Solution File, Format Version 12.00
# Visual Studio Version 17
VisualStudioVersion = 17.1.32210.238
MinimumVisualStudioVersion = 10.0.40219.1
Project("{FAE04EC0-301F-11D3-BF4B-00C04F79EFBC}") = "GB_ASP.NET Core_API", "GB_ASP.NET Core_API\GB_ASP.NET Core_API.csproj", "{703E16B7-7D48-4F0E-8174-C6377816EF10}"
EndProject
Global
	GlobalSection(SolutionConfigurationPlatforms) = preSolution
		Debug|Any CPU = Debug|Any CPU
		Release|Any CPU = Release|Any CPU
	EndGlobalSection
	GlobalSection(ProjectConfigurationPlatforms) = postSolution
		{703E16B7-7D48-4F0E-8174-C6377816EF10}.Debug|Any CPU.ActiveCfg = Debug|Any CPU
		{703E16B7-7D48-4F0E-8174-C6377816EF10}.Debug|Any CPU.Build.0 = Debug|Any CPU
		{703E16B7-7D48-4F0E-8174-C6377816EF10}.Release|Any CPU.ActiveCfg = Release|Any CPU
		{703E16B7-7D48-4F0E-8174-C6377816EF10}.Release|Any CPU.Build.0 = Release|Any CPU
	EndGlobalSection
	GlobalSection(SolutionProperties) = preSolution
		HideSolutionNode = FALSE
	EndGlobalSection
	GlobalSection(ExtensibilityGlobals) = postSolution
		SolutionGuid = {4A4C65E2-A167-4701-99A2-F33F8EBDE512}
	EndGlobalSection
EndGlobal
